%{"certifi": {:hex, :certifi, "0.4.0", "a7966efb868b179023618d29a407548f70c52466bf1849b9e8ebd0e34b7ea11f", [:rebar3], []},
  "coverex": {:hex, :coverex, "1.4.8"},
  "earmark": {:hex, :earmark, "0.2.1", "ba6d26ceb16106d069b289df66751734802777a3cbb6787026dd800ffeb850f3", [:mix], []},
  "ex_doc": {:hex, :ex_doc, "0.11.4", "a064bdb720594c3745b94709b17ffb834fd858b4e0c1f48f37c0d92700759e02", [:mix], [{:earmark, "~> 0.1.17 or ~> 0.2", [hex: :earmark, optional: true]}]},
  "ex_spec": {:hex, :ex_spec, "2.0.0", "7fedc6f3f7fe9b5bc14f17f94199cac4d2abe389727291467ee7708dcf6544a0", [:mix], []},
  "exconstructor": {:hex, :exconstructor, "1.0.2", "46c60fa258d3893c2c7d0d45f80b9c830919c38eea2a19c61acaf17f0851b902", [:mix], []},
  "excoveralls": {:hex, :excoveralls, "0.4.6", "022db34cf2470efdbc386f442072e00394a1c21f5fadc6b9bd6084dfdaa55b82", [:mix], [{:exjsx, "~> 3.0", [hex: :exjsx, optional: false]}, {:hackney, ">= 0.12.0", [hex: :hackney, optional: false]}]},
  "exjsx": {:hex, :exjsx, "3.2.0", "7136cc739ace295fc74c378f33699e5145bead4fdc1b4799822d0287489136fb", [:mix], [{:jsx, "~> 2.6.2", [hex: :jsx, optional: false]}]},
  "fuzzyurl": {:hex, :fuzzyurl, "0.9.0", "fecc085f4abec75688d883f0af1ed506d09dcabe5727cb9e6819b28ead0410b7", [:mix], []},
  "gen_retry": {:hex, :gen_retry, "0.1.0", "808bfe55e6182c8828f1bb8e8a9cad6c698060dcecf6cf59161e465c74ad118b", [:mix], [{:exconstructor, "~> 1.0", [hex: :exconstructor, optional: false]}]},
  "hackney": {:hex, :hackney, "1.6.0", "8d1e9440c9edf23bf5e5e2fe0c71de03eb265103b72901337394c840eec679ac", [:rebar3], [{:certifi, "0.4.0", [hex: :certifi, optional: false]}, {:idna, "1.2.0", [hex: :idna, optional: false]}, {:metrics, "1.0.1", [hex: :metrics, optional: false]}, {:mimerl, "1.0.2", [hex: :mimerl, optional: false]}, {:ssl_verify_fun, "1.1.0", [hex: :ssl_verify_fun, optional: false]}]},
  "httpoison": {:hex, :httpoison, "0.8.0"},
  "httpotion": {:hex, :httpotion, "3.0.0", "4ce0af28f4254bdd0457d0fe065a83787751e0a5b5f5d27030948253be38df5c", [:mix], [{:ibrowse, "~> 4.2", [hex: :ibrowse, optional: false]}]},
  "ibrowse": {:hex, :ibrowse, "4.2.2", "b32b5bafcc77b7277eff030ed32e1acc3f610c64e9f6aea19822abcadf681b4b", [:rebar3], []},
  "idna": {:hex, :idna, "1.2.0", "ac62ee99da068f43c50dc69acf700e03a62a348360126260e87f2b54eced86b2", [:rebar3], []},
  "jsx": {:hex, :jsx, "2.6.2", "213721e058da0587a4bce3cc8a00ff6684ced229c8f9223245c6ff2c88fbaa5a", [:mix, :rebar], []},
  "meck": {:hex, :meck, "0.8.4", "59ca1cd971372aa223138efcf9b29475bde299e1953046a0c727184790ab1520", [:rebar, :make], []},
  "metrics": {:hex, :metrics, "1.0.1", "25f094dea2cda98213cecc3aeff09e940299d950904393b2a29d191c346a8486", [:rebar3], []},
  "mimerl": {:hex, :mimerl, "1.0.2", "993f9b0e084083405ed8252b99460c4f0563e41729ab42d9074fd5e52439be88", [:rebar3], []},
  "mock": {:hex, :mock, "0.1.3", "657937b03f88fce89b3f7d6becc9f1ec1ac19c71081aeb32117db9bc4d9b3980", [:mix], [{:meck, "~> 0.8.2", [hex: :meck, optional: false]}]},
  "plug": {:hex, :plug, "1.1.2", "7ed5cdc0245a56fcc9ad905c059dd2314cea9d043e6d0b8fd99b4845a3e220d5", [:mix], [{:cowboy, "~> 1.0", [hex: :cowboy, optional: true]}]},
  "poison": {:hex, :poison, "2.1.0", "f583218ced822675e484648fa26c933d621373f01c6c76bd00005d7bd4b82e27", [:mix], []},
  "ssl_verify_fun": {:hex, :ssl_verify_fun, "1.1.0", "edee20847c42e379bf91261db474ffbe373f8acb56e9079acb6038d4e0bf414f", [:rebar, :make], []},
  "ssl_verify_hostname": {:hex, :ssl_verify_hostname, "1.0.6"},
  "uuid": {:hex, :uuid, "1.1.3", "06ca38801a1a95b751701ca40716bb97ddf76dfe7e26da0eec7dba636740d57a", [:mix], []}}
