%{"certifi": {:hex, :certifi, "0.4.0", "a7966efb868b179023618d29a407548f70c52466bf1849b9e8ebd0e34b7ea11f", [:rebar3], []},
  "combine": {:hex, :combine, "0.7.0", "2ac6ae852a9835fe8189af18121cddd5bed2677f5df706dc0d208af668ab845d", [:mix], []},
  "coverex": {:hex, :coverex, "1.4.8"},
  "earmark": {:hex, :earmark, "0.2.1", "ba6d26ceb16106d069b289df66751734802777a3cbb6787026dd800ffeb850f3", [:mix], []},
  "ex_doc": {:hex, :ex_doc, "0.11.4", "a064bdb720594c3745b94709b17ffb834fd858b4e0c1f48f37c0d92700759e02", [:mix], [{:earmark, "~> 0.1.17 or ~> 0.2", [hex: :earmark, optional: true]}]},
  "ex_spec": {:hex, :ex_spec, "1.0.0", "b1e791072fecbf80c725adf45e7cbdf3d96af3765638a1f1547824706ece4bc9", [:mix], []},
  "excoveralls": {:hex, :excoveralls, "0.4.6", "022db34cf2470efdbc386f442072e00394a1c21f5fadc6b9bd6084dfdaa55b82", [:mix], [{:hackney, ">= 0.12.0", [hex: :hackney, optional: false]}, {:exjsx, "~> 3.0", [hex: :exjsx, optional: false]}]},
  "exjsx": {:hex, :exjsx, "3.2.0", "7136cc739ace295fc74c378f33699e5145bead4fdc1b4799822d0287489136fb", [:mix], [{:jsx, "~> 2.6.2", [hex: :jsx, optional: false]}]},
  "fuzzyurl": {:hex, :fuzzyurl, "0.8.1", "a776cac7e58572357b9d259fb297e11c314568fc07498442751b7aef2ad35560", [:mix], []},
  "hackney": {:hex, :hackney, "1.5.7", "f3809c0a17a3e523a865c65f6552b526f6b799acd0389803a05f88573ea26162", [:rebar3], [{:ssl_verify_fun, "1.1.0", [hex: :ssl_verify_fun, optional: false]}, {:mimerl, "1.0.2", [hex: :mimerl, optional: false]}, {:metrics, "1.0.1", [hex: :metrics, optional: false]}, {:idna, "1.2.0", [hex: :idna, optional: false]}, {:certifi, "0.4.0", [hex: :certifi, optional: false]}]},
  "httpoison": {:hex, :httpoison, "0.8.0"},
  "httpotion": {:hex, :httpotion, "3.0.0", "4ce0af28f4254bdd0457d0fe065a83787751e0a5b5f5d27030948253be38df5c", [:mix], [{:ibrowse, "~> 4.2", [hex: :ibrowse, optional: false]}]},
  "ibrowse": {:hex, :ibrowse, "4.2.2", "b32b5bafcc77b7277eff030ed32e1acc3f610c64e9f6aea19822abcadf681b4b", [:rebar3], []},
  "idna": {:hex, :idna, "1.2.0", "ac62ee99da068f43c50dc69acf700e03a62a348360126260e87f2b54eced86b2", [:rebar3], []},
  "jsx": {:hex, :jsx, "2.6.2", "213721e058da0587a4bce3cc8a00ff6684ced229c8f9223245c6ff2c88fbaa5a", [:mix, :rebar], []},
  "meck": {:hex, :meck, "0.8.4", "59ca1cd971372aa223138efcf9b29475bde299e1953046a0c727184790ab1520", [:rebar, :make], []},
  "metrics": {:hex, :metrics, "1.0.1", "25f094dea2cda98213cecc3aeff09e940299d950904393b2a29d191c346a8486", [:rebar3], []},
  "mimerl": {:hex, :mimerl, "1.0.2", "993f9b0e084083405ed8252b99460c4f0563e41729ab42d9074fd5e52439be88", [:rebar3], []},
  "mock": {:hex, :mock, "0.1.3", "657937b03f88fce89b3f7d6becc9f1ec1ac19c71081aeb32117db9bc4d9b3980", [:mix], [{:meck, "~> 0.8.2", [hex: :meck, optional: false]}]},
  "plug": {:hex, :plug, "1.1.2", "7ed5cdc0245a56fcc9ad905c059dd2314cea9d043e6d0b8fd99b4845a3e220d5", [:mix], [{:cowboy, "~> 1.0", [hex: :cowboy, optional: true]}]},
  "poison": {:hex, :poison, "2.1.0", "f583218ced822675e484648fa26c933d621373f01c6c76bd00005d7bd4b82e27", [:mix], []},
  "ssl_verify_fun": {:hex, :ssl_verify_fun, "1.1.0", "edee20847c42e379bf91261db474ffbe373f8acb56e9079acb6038d4e0bf414f", [:rebar, :make], []},
  "ssl_verify_hostname": {:hex, :ssl_verify_hostname, "1.0.6"},
  "timex": {:hex, :timex, "2.1.1", "54a330ecae130836bdbd82e003477c61c27942d6b96740392e36ec4670d743db", [:mix], [{:tzdata, "~> 0.1.8 or ~> 0.5", [hex: :tzdata, optional: false]}, {:combine, "~> 0.7", [hex: :combine, optional: false]}]},
  "tzdata": {:hex, :tzdata, "0.5.7", "10a4176023c2b294f1bbb98594a646ef25d658ca507b2da20a5952072d6080c4", [:mix], [{:hackney, "~> 1.0", [hex: :hackney, optional: false]}]},
  "uuid": {:hex, :uuid, "1.1.3", "06ca38801a1a95b751701ca40716bb97ddf76dfe7e26da0eec7dba636740d57a", [:mix], []}}
